// !$*UTF8*$!
{
	archiveVersion = 1;
	classes = {
	};
	objectVersion = 55;
	objects = {

/* Begin PBXFileReference section */
		782F4E8D282A8DAA00069E8D /* 신고 결과 받기.swift */ = {isa = PBXFileReference; lastKnownFileType = sourcecode.swift; path = "신고 결과 받기.swift"; sourceTree = "<group>"; };
/* End PBXFileReference section */

/* Begin PBXGroup section */
		782F4E86282A8D6A00069E8D = {
			isa = PBXGroup;
			children = (
				782F4E8E282A8DAF00069E8D /* 프로그래머스 */,
			);
			sourceTree = "<group>";
		};
		782F4E8E282A8DAF00069E8D /* 프로그래머스 */ = {
			isa = PBXGroup;
			children = (
				782F4E8F282A8DBB00069E8D /* Lv. 1 */,
			);
			name = "프로그래머스";
			path = "프로그래머스";
			sourceTree = "<group>";
		};
		782F4E8F282A8DBB00069E8D /* Lv. 1 */ = {
			isa = PBXGroup;
			children = (
				782F4E8D282A8DAA00069E8D /* 신고 결과 받기.swift */,
			);
			path = "Lv. 1";
			sourceTree = "<group>";
		};
/* End PBXGroup section */

/* Begin PBXProject section */
		782F4E87282A8D6A00069E8D /* Project object */ = {
			isa = PBXProject;
			attributes = {
				BuildIndependentTargetsInParallel = 1;
				LastUpgradeCheck = 1330;
			};
			buildConfigurationList = 782F4E8A282A8D6A00069E8D /* Build configuration list for PBXProject "solved-swift" */;
			compatibilityVersion = "Xcode 13.0";
			developmentRegion = en;
			hasScannedForEncodings = 0;
			knownRegions = (
				en,
				Base,
			);
			mainGroup = 782F4E86282A8D6A00069E8D;
			projectDirPath = "";
			projectRoot = "";
			targets = (
			);
		};
/* End PBXProject section */

/* Begin XCBuildConfiguration section */
		782F4E8B282A8D6A00069E8D /* Debug */ = {
			isa = XCBuildConfiguration;
			buildSettings = {
			};
			name = Debug;
		};
		782F4E8C282A8D6A00069E8D /* Release */ = {
			isa = XCBuildConfiguration;
			buildSettings = {
			};
			name = Release;
		};
/* End XCBuildConfiguration section */

/* Begin XCConfigurationList section */
		782F4E8A282A8D6A00069E8D /* Build configuration list for PBXProject "solved-swift" */ = {
			isa = XCConfigurationList;
			buildConfigurations = (
				782F4E8B282A8D6A00069E8D /* Debug */,
				782F4E8C282A8D6A00069E8D /* Release */,
			);
			defaultConfigurationIsVisible = 0;
			defaultConfigurationName = Release;
		};
/* End XCConfigurationList section */
	};
	rootObject = 782F4E87282A8D6A00069E8D /* Project object */;
}
